
Microsoft Visual Studio Solution File, Format Version 12.00
# Visual Studio Version 16
VisualStudioVersion = 16.0.31410.357
MinimumVisualStudioVersion = 10.0.40219.1
Project("{9A19103F-16F7-4668-BE54-9A1E7A4F7556}") = "WarlockSimulatorTBC", "WarlockSimulatorTBC\WarlockSimulatorTBC.csproj", "{AF2406C1-A84A-4FCD-AC65-AB31BD5D807A}"
EndProject
Global
	GlobalSection(SolutionConfigurationPlatforms) = preSolution
		Debug|Any CPU = Debug|Any CPU
		Release|Any CPU = Release|Any CPU
	EndGlobalSection
	GlobalSection(ProjectConfigurationPlatforms) = postSolution
		{AF2406C1-A84A-4FCD-AC65-AB31BD5D807A}.Debug|Any CPU.ActiveCfg = Debug|Any CPU
		{AF2406C1-A84A-4FCD-AC65-AB31BD5D807A}.Debug|Any CPU.Build.0 = Debug|Any CPU
		{AF2406C1-A84A-4FCD-AC65-AB31BD5D807A}.Release|Any CPU.ActiveCfg = Release|Any CPU
		{AF2406C1-A84A-4FCD-AC65-AB31BD5D807A}.Release|Any CPU.Build.0 = Release|Any CPU
	EndGlobalSection
	GlobalSection(SolutionProperties) = preSolution
		HideSolutionNode = FALSE
	EndGlobalSection
	GlobalSection(ExtensibilityGlobals) = postSolution
		SolutionGuid = {251C23A3-B831-4C96-8FE8-E02819965294}
	EndGlobalSection
EndGlobal
