<?xml version="1.0" encoding="utf-8"?>
<Project ToolsVersion="4.0" xmlns="http://schemas.microsoft.com/developer/msbuild/2003">
  <ItemGroup>
    <Filter Include="Source Files">
      <UniqueIdentifier>{4FC737F1-C7A5-4376-A066-2A32D752A2FF}</UniqueIdentifier>
      <Extensions>cpp;c;cc;cxx;c++;cppm;ixx;def;odl;idl;hpj;bat;asm;asmx</Extensions>
    </Filter>
    <Filter Include="Header Files">
      <UniqueIdentifier>{93995380-89BD-4b04-88EB-625FBE52EBFB}</UniqueIdentifier>
      <Extensions>h;hh;hpp;hxx;h++;hm;inl;inc;ipp;xsd</Extensions>
    </Filter>
    <Filter Include="Resource Files">
      <UniqueIdentifier>{67DA6AB6-F800-4c08-8B7A-83BB121AAD01}</UniqueIdentifier>
      <Extensions>rc;ico;cur;bmp;dlg;rc2;rct;bin;rgs;gif;jpg;jpeg;jpe;resx;tiff;tif;png;wav;mfcribbon-ms</Extensions>
    </Filter>
  </ItemGroup>
  <ItemGroup>
    <ClCompile Include="src\aura.cc">
      <Filter>Source Files</Filter>
    </ClCompile>
    <ClCompile Include="src\bindings.cc">
      <Filter>Source Files</Filter>
    </ClCompile>
    <ClCompile Include="src\common.cc">
      <Filter>Source Files</Filter>
    </ClCompile>
    <ClCompile Include="src\entity.cc">
      <Filter>Source Files</Filter>
    </ClCompile>
    <ClCompile Include="src\pet.cc">
      <Filter>Source Files</Filter>
    </ClCompile>
    <ClCompile Include="src\player.cc">
      <Filter>Source Files</Filter>
    </ClCompile>
    <ClCompile Include="src\damage_over_time.cc">
      <Filter>Source Files</Filter>
    </ClCompile>
    <ClCompile Include="src\life_tap.cc">
      <Filter>Source Files</Filter>
    </ClCompile>
    <ClCompile Include="src\mana_over_time.cc">
      <Filter>Source Files</Filter>
    </ClCompile>
    <ClCompile Include="src\mana_potion.cc">
      <Filter>Source Files</Filter>
    </ClCompile>
    <ClCompile Include="src\on_crit_proc.cc">
      <Filter>Source Files</Filter>
    </ClCompile>
    <ClCompile Include="src\on_damage_proc.cc">
      <Filter>Source Files</Filter>
    </ClCompile>
    <ClCompile Include="src\on_dot_tick_proc.cc">
      <Filter>Source Files</Filter>
    </ClCompile>
    <ClCompile Include="src\on_hit_proc.cc">
      <Filter>Source Files</Filter>
    </ClCompile>
    <ClCompile Include="src\on_resist_proc.cc">
      <Filter>Source Files</Filter>
    </ClCompile>
    <ClCompile Include="src\spell_proc.cc">
      <Filter>Source Files</Filter>
    </ClCompile>
    <ClCompile Include="src\rng.cc">
      <Filter>Source Files</Filter>
    </ClCompile>
    <ClCompile Include="src\simulation.cc">
      <Filter>Source Files</Filter>
    </ClCompile>
    <ClCompile Include="src\spell.cc">
      <Filter>Source Files</Filter>
    </ClCompile>
    <ClCompile Include="src\stat.cc">
      <Filter>Source Files</Filter>
    </ClCompile>
    <ClCompile Include="src\trinket.cc">
      <Filter>Source Files</Filter>
    </ClCompile>
    <ClCompile Include="test\main.cc">
      <Filter>Source Files</Filter>
    </ClCompile>
  </ItemGroup>
  <ItemGroup>
    <ClInclude Include="include\aura.h">
      <Filter>Header Files</Filter>
    </ClInclude>
    <ClInclude Include="include\auras.h">
      <Filter>Header Files</Filter>
    </ClInclude>
    <ClInclude Include="include\aura_selection.h">
      <Filter>Header Files</Filter>
    </ClInclude>
    <ClInclude Include="include\bindings.h">
      <Filter>Header Files</Filter>
    </ClInclude>
    <ClInclude Include="include\character_stats.h">
      <Filter>Header Files</Filter>
    </ClInclude>
    <ClInclude Include="include\combat_log_breakdown.h">
      <Filter>Header Files</Filter>
    </ClInclude>
    <ClInclude Include="include\common.h">
      <Filter>Header Files</Filter>
    </ClInclude>
    <ClInclude Include="include\embind_constant.h">
      <Filter>Header Files</Filter>
    </ClInclude>
    <ClInclude Include="include\entity.h">
      <Filter>Header Files</Filter>
    </ClInclude>
    <ClInclude Include="include\enums.h">
      <Filter>Header Files</Filter>
    </ClInclude>
    <ClInclude Include="include\items.h">
      <Filter>Header Files</Filter>
    </ClInclude>
    <ClInclude Include="include\pet.h">
      <Filter>Header Files</Filter>
    </ClInclude>
    <ClInclude Include="include\player.h">
      <Filter>Header Files</Filter>
    </ClInclude>
    <ClInclude Include="include\player_settings.h">
      <Filter>Header Files</Filter>
    </ClInclude>
    <ClInclude Include="include\damage_over_time.h">
      <Filter>Header Files</Filter>
    </ClInclude>
    <ClInclude Include="include\life_tap.h">
      <Filter>Header Files</Filter>
    </ClInclude>
    <ClInclude Include="include\mana_over_time.h">
      <Filter>Header Files</Filter>
    </ClInclude>
    <ClInclude Include="include\mana_potion.h">
      <Filter>Header Files</Filter>
    </ClInclude>
    <ClInclude Include="include\on_crit_proc.h">
      <Filter>Header Files</Filter>
    </ClInclude>
    <ClInclude Include="include\on_damage_proc.h">
      <Filter>Header Files</Filter>
    </ClInclude>
    <ClInclude Include="include\on_dot_tick_proc.h">
      <Filter>Header Files</Filter>
    </ClInclude>
    <ClInclude Include="include\on_hit_proc.h">
      <Filter>Header Files</Filter>
    </ClInclude>
    <ClInclude Include="include\on_resist_proc.h">
      <Filter>Header Files</Filter>
    </ClInclude>
    <ClInclude Include="include\spell_proc.h">
      <Filter>Header Files</Filter>
    </ClInclude>
    <ClInclude Include="include\rng.h">
      <Filter>Header Files</Filter>
    </ClInclude>
    <ClInclude Include="include\sets.h">
      <Filter>Header Files</Filter>
    </ClInclude>
    <ClInclude Include="include\simulation.h">
      <Filter>Header Files</Filter>
    </ClInclude>
    <ClInclude Include="include\simulation_settings.h">
      <Filter>Header Files</Filter>
    </ClInclude>
    <ClInclude Include="include\spell.h">
      <Filter>Header Files</Filter>
    </ClInclude>
    <ClInclude Include="include\spells.h">
      <Filter>Header Files</Filter>
    </ClInclude>
    <ClInclude Include="include\spell_cast_result.h">
      <Filter>Header Files</Filter>
    </ClInclude>
    <ClInclude Include="include\stat.h">
      <Filter>Header Files</Filter>
    </ClInclude>
    <ClInclude Include="include\talents.h">
      <Filter>Header Files</Filter>
    </ClInclude>
    <ClInclude Include="include\trinket.h">
      <Filter>Header Files</Filter>
    </ClInclude>
  </ItemGroup>
</Project>